// !$*UTF8*$!
{
	archiveVersion = 1;
	classes = {
	};
	objectVersion = 46;
	objects = {

/* Begin PBXBuildFile section */
		8323F8A31AB0042300F1FDEB /* main.m in Sources */ = {isa = PBXBuildFile; fileRef = 8323F8A21AB0042300F1FDEB /* main.m */; };
		8323F8A61AB0042300F1FDEB /* AppDelegate.m in Sources */ = {isa = PBXBuildFile; fileRef = 8323F8A51AB0042300F1FDEB /* AppDelegate.m */; };
		8323F8A91AB0042300F1FDEB /* ViewController.m in Sources */ = {isa = PBXBuildFile; fileRef = 8323F8A81AB0042300F1FDEB /* ViewController.m */; };
		8323F8AC1AB0042300F1FDEB /* Main.storyboard in Resources */ = {isa = PBXBuildFile; fileRef = 8323F8AA1AB0042300F1FDEB /* Main.storyboard */; };
		8323F8AE1AB0042300F1FDEB /* Images.xcassets in Resources */ = {isa = PBXBuildFile; fileRef = 8323F8AD1AB0042300F1FDEB /* Images.xcassets */; };
		8323F8B11AB0042300F1FDEB /* LaunchScreen.xib in Resources */ = {isa = PBXBuildFile; fileRef = 8323F8AF1AB0042300F1FDEB /* LaunchScreen.xib */; };
		8323F8BD1AB0042300F1FDEB /* Week2Tests.m in Sources */ = {isa = PBXBuildFile; fileRef = 8323F8BC1AB0042300F1FDEB /* Week2Tests.m */; };
		8323F8C71AB004CC00F1FDEB /* persons.txt in Resources */ = {isa = PBXBuildFile; fileRef = 8323F8C61AB004CC00F1FDEB /* persons.txt */; };
		8323F8CA1AB01A8900F1FDEB /* NXDataModel.m in Sources */ = {isa = PBXBuildFile; fileRef = 8323F8C91AB01A8900F1FDEB /* NXDataModel.m */; };
/* End PBXBuildFile section */

/* Begin PBXContainerItemProxy section */
		8323F8B71AB0042300F1FDEB /* PBXContainerItemProxy */ = {
			isa = PBXContainerItemProxy;
			containerPortal = 8323F8951AB0042300F1FDEB /* Project object */;
			proxyType = 1;
			remoteGlobalIDString = 8323F89C1AB0042300F1FDEB;
			remoteInfo = Week2;
		};
/* End PBXContainerItemProxy section */

/* Begin PBXFileReference section */
		8323F89D1AB0042300F1FDEB /* Week2.app */ = {isa = PBXFileReference; explicitFileType = wrapper.application; includeInIndex = 0; path = Week2.app; sourceTree = BUILT_PRODUCTS_DIR; };
		8323F8A11AB0042300F1FDEB /* Info.plist */ = {isa = PBXFileReference; lastKnownFileType = text.plist.xml; path = Info.plist; sourceTree = "<group>"; };
		8323F8A21AB0042300F1FDEB /* main.m */ = {isa = PBXFileReference; lastKnownFileType = sourcecode.c.objc; path = main.m; sourceTree = "<group>"; };
		8323F8A41AB0042300F1FDEB /* AppDelegate.h */ = {isa = PBXFileReference; lastKnownFileType = sourcecode.c.h; path = AppDelegate.h; sourceTree = "<group>"; };
		8323F8A51AB0042300F1FDEB /* AppDelegate.m */ = {isa = PBXFileReference; lastKnownFileType = sourcecode.c.objc; path = AppDelegate.m; sourceTree = "<group>"; };
		8323F8A71AB0042300F1FDEB /* ViewController.h */ = {isa = PBXFileReference; lastKnownFileType = sourcecode.c.h; path = ViewController.h; sourceTree = "<group>"; };
		8323F8A81AB0042300F1FDEB /* ViewController.m */ = {isa = PBXFileReference; lastKnownFileType = sourcecode.c.objc; path = ViewController.m; sourceTree = "<group>"; };
		8323F8AB1AB0042300F1FDEB /* Base */ = {isa = PBXFileReference; lastKnownFileType = file.storyboard; name = Base; path = Base.lproj/Main.storyboard; sourceTree = "<group>"; };
		8323F8AD1AB0042300F1FDEB /* Images.xcassets */ = {isa = PBXFileReference; lastKnownFileType = folder.assetcatalog; path = Images.xcassets; sourceTree = "<group>"; };
		8323F8B01AB0042300F1FDEB /* Base */ = {isa = PBXFileReference; lastKnownFileType = file.xib; name = Base; path = Base.lproj/LaunchScreen.xib; sourceTree = "<group>"; };
		8323F8B61AB0042300F1FDEB /* Week2Tests.xctest */ = {isa = PBXFileReference; explicitFileType = wrapper.cfbundle; includeInIndex = 0; path = Week2Tests.xctest; sourceTree = BUILT_PRODUCTS_DIR; };
		8323F8BB1AB0042300F1FDEB /* Info.plist */ = {isa = PBXFileReference; lastKnownFileType = text.plist.xml; path = Info.plist; sourceTree = "<group>"; };
		8323F8BC1AB0042300F1FDEB /* Week2Tests.m */ = {isa = PBXFileReference; lastKnownFileType = sourcecode.c.objc; path = Week2Tests.m; sourceTree = "<group>"; };
		8323F8C61AB004CC00F1FDEB /* persons.txt */ = {isa = PBXFileReference; fileEncoding = 4; lastKnownFileType = text; path = persons.txt; sourceTree = "<group>"; };
		8323F8C81AB01A8900F1FDEB /* NXDataModel.h */ = {isa = PBXFileReference; fileEncoding = 4; lastKnownFileType = sourcecode.c.h; path = NXDataModel.h; sourceTree = "<group>"; };
		8323F8C91AB01A8900F1FDEB /* NXDataModel.m */ = {isa = PBXFileReference; fileEncoding = 4; lastKnownFileType = sourcecode.c.objc; path = NXDataModel.m; sourceTree = "<group>"; };
/* End PBXFileReference section */

/* Begin PBXFrameworksBuildPhase section */
		8323F89A1AB0042300F1FDEB /* Frameworks */ = {
			isa = PBXFrameworksBuildPhase;
			buildActionMask = 2147483647;
			files = (
			);
			runOnlyForDeploymentPostprocessing = 0;
		};
		8323F8B31AB0042300F1FDEB /* Frameworks */ = {
			isa = PBXFrameworksBuildPhase;
			buildActionMask = 2147483647;
			files = (
			);
			runOnlyForDeploymentPostprocessing = 0;
		};
/* End PBXFrameworksBuildPhase section */

/* Begin PBXGroup section */
		8323F8941AB0042300F1FDEB = {
			isa = PBXGroup;
			children = (
				8323F89F1AB0042300F1FDEB /* Week2 */,
				8323F8B91AB0042300F1FDEB /* Week2Tests */,
				8323F89E1AB0042300F1FDEB /* Products */,
			);
			sourceTree = "<group>";
		};
		8323F89E1AB0042300F1FDEB /* Products */ = {
			isa = PBXGroup;
			children = (
				8323F89D1AB0042300F1FDEB /* Week2.app */,
				8323F8B61AB0042300F1FDEB /* Week2Tests.xctest */,
			);
			name = Products;
			sourceTree = "<group>";
		};
		8323F89F1AB0042300F1FDEB /* Week2 */ = {
			isa = PBXGroup;
			children = (
				8323F8A41AB0042300F1FDEB /* AppDelegate.h */,
				8323F8A51AB0042300F1FDEB /* AppDelegate.m */,
				8323F8A71AB0042300F1FDEB /* ViewController.h */,
				8323F8A81AB0042300F1FDEB /* ViewController.m */,
				8323F8C61AB004CC00F1FDEB /* persons.txt */,
				8323F8AA1AB0042300F1FDEB /* Main.storyboard */,
				8323F8AD1AB0042300F1FDEB /* Images.xcassets */,
				8323F8AF1AB0042300F1FDEB /* LaunchScreen.xib */,
				8323F8A01AB0042300F1FDEB /* Supporting Files */,
				8323F8C81AB01A8900F1FDEB /* NXDataModel.h */,
				8323F8C91AB01A8900F1FDEB /* NXDataModel.m */,
			);
			path = Week2;
			sourceTree = "<group>";
		};
		8323F8A01AB0042300F1FDEB /* Supporting Files */ = {
			isa = PBXGroup;
			children = (
				8323F8A11AB0042300F1FDEB /* Info.plist */,
				8323F8A21AB0042300F1FDEB /* main.m */,
			);
			name = "Supporting Files";
			sourceTree = "<group>";
		};
		8323F8B91AB0042300F1FDEB /* Week2Tests */ = {
			isa = PBXGroup;
			children = (
				8323F8BC1AB0042300F1FDEB /* Week2Tests.m */,
				8323F8BA1AB0042300F1FDEB /* Supporting Files */,
			);
			path = Week2Tests;
			sourceTree = "<group>";
		};
		8323F8BA1AB0042300F1FDEB /* Supporting Files */ = {
			isa = PBXGroup;
			children = (
				8323F8BB1AB0042300F1FDEB /* Info.plist */,
			);
			name = "Supporting Files";
			sourceTree = "<group>";
		};
/* End PBXGroup section */

/* Begin PBXNativeTarget section */
		8323F89C1AB0042300F1FDEB /* Week2 */ = {
			isa = PBXNativeTarget;
			buildConfigurationList = 8323F8C01AB0042300F1FDEB /* Build configuration list for PBXNativeTarget "Week2" */;
			buildPhases = (
				8323F8991AB0042300F1FDEB /* Sources */,
				8323F89A1AB0042300F1FDEB /* Frameworks */,
				8323F89B1AB0042300F1FDEB /* Resources */,
			);
			buildRules = (
			);
			dependencies = (
			);
			name = Week2;
			productName = Week2;
			productReference = 8323F89D1AB0042300F1FDEB /* Week2.app */;
			productType = "com.apple.product-type.application";
		};
		8323F8B51AB0042300F1FDEB /* Week2Tests */ = {
			isa = PBXNativeTarget;
			buildConfigurationList = 8323F8C31AB0042300F1FDEB /* Build configuration list for PBXNativeTarget "Week2Tests" */;
			buildPhases = (
				8323F8B21AB0042300F1FDEB /* Sources */,
				8323F8B31AB0042300F1FDEB /* Frameworks */,
				8323F8B41AB0042300F1FDEB /* Resources */,
			);
			buildRules = (
			);
			dependencies = (
				8323F8B81AB0042300F1FDEB /* PBXTargetDependency */,
			);
			name = Week2Tests;
			productName = Week2Tests;
			productReference = 8323F8B61AB0042300F1FDEB /* Week2Tests.xctest */;
			productType = "com.apple.product-type.bundle.unit-test";
		};
/* End PBXNativeTarget section */

/* Begin PBXProject section */
		8323F8951AB0042300F1FDEB /* Project object */ = {
			isa = PBXProject;
			attributes = {
				LastUpgradeCheck = 0620;
				ORGANIZATIONNAME = "NHN NEXT";
				TargetAttributes = {
					8323F89C1AB0042300F1FDEB = {
						CreatedOnToolsVersion = 6.2;
					};
					8323F8B51AB0042300F1FDEB = {
						CreatedOnToolsVersion = 6.2;
						TestTargetID = 8323F89C1AB0042300F1FDEB;
					};
				};
			};
			buildConfigurationList = 8323F8981AB0042300F1FDEB /* Build configuration list for PBXProject "Week2" */;
			compatibilityVersion = "Xcode 3.2";
			developmentRegion = English;
			hasScannedForEncodings = 0;
			knownRegions = (
				en,
				Base,
			);
			mainGroup = 8323F8941AB0042300F1FDEB;
			productRefGroup = 8323F89E1AB0042300F1FDEB /* Products */;
			projectDirPath = "";
			projectRoot = "";
			targets = (
				8323F89C1AB0042300F1FDEB /* Week2 */,
				8323F8B51AB0042300F1FDEB /* Week2Tests */,
			);
		};
/* End PBXProject section */

/* Begin PBXResourcesBuildPhase section */
		8323F89B1AB0042300F1FDEB /* Resources */ = {
			isa = PBXResourcesBuildPhase;
			buildActionMask = 2147483647;
			files = (
				8323F8AC1AB0042300F1FDEB /* Main.storyboard in Resources */,
				8323F8B11AB0042300F1FDEB /* LaunchScreen.xib in Resources */,
				8323F8AE1AB0042300F1FDEB /* Images.xcassets in Resources */,
				8323F8C71AB004CC00F1FDEB /* persons.txt in Resources */,
			);
			runOnlyForDeploymentPostprocessing = 0;
		};
		8323F8B41AB0042300F1FDEB /* Resources */ = {
			isa = PBXResourcesBuildPhase;
			buildActionMask = 2147483647;
			files = (
			);
			runOnlyForDeploymentPostprocessing = 0;
		};
/* End PBXResourcesBuildPhase section */

/* Begin PBXSourcesBuildPhase section */
		8323F8991AB0042300F1FDEB /* Sources */ = {
			isa = PBXSourcesBuildPhase;
			buildActionMask = 2147483647;
			files = (
				8323F8A91AB0042300F1FDEB /* ViewController.m in Sources */,
				8323F8CA1AB01A8900F1FDEB /* NXDataModel.m in Sources */,
				8323F8A61AB0042300F1FDEB /* AppDelegate.m in Sources */,
				8323F8A31AB0042300F1FDEB /* main.m in Sources */,
			);
			runOnlyForDeploymentPostprocessing = 0;
		};
		8323F8B21AB0042300F1FDEB /* Sources */ = {
			isa = PBXSourcesBuildPhase;
			buildActionMask = 2147483647;
			files = (
				8323F8BD1AB0042300F1FDEB /* Week2Tests.m in Sources */,
			);
			runOnlyForDeploymentPostprocessing = 0;
		};
/* End PBXSourcesBuildPhase section */

/* Begin PBXTargetDependency section */
		8323F8B81AB0042300F1FDEB /* PBXTargetDependency */ = {
			isa = PBXTargetDependency;
			target = 8323F89C1AB0042300F1FDEB /* Week2 */;
			targetProxy = 8323F8B71AB0042300F1FDEB /* PBXContainerItemProxy */;
		};
/* End PBXTargetDependency section */

/* Begin PBXVariantGroup section */
		8323F8AA1AB0042300F1FDEB /* Main.storyboard */ = {
			isa = PBXVariantGroup;
			children = (
				8323F8AB1AB0042300F1FDEB /* Base */,
			);
			name = Main.storyboard;
			sourceTree = "<group>";
		};
		8323F8AF1AB0042300F1FDEB /* LaunchScreen.xib */ = {
			isa = PBXVariantGroup;
			children = (
				8323F8B01AB0042300F1FDEB /* Base */,
			);
			name = LaunchScreen.xib;
			sourceTree = "<group>";
		};
/* End PBXVariantGroup section */

/* Begin XCBuildConfiguration section */
		8323F8BE1AB0042300F1FDEB /* Debug */ = {
			isa = XCBuildConfiguration;
			buildSettings = {
				ALWAYS_SEARCH_USER_PATHS = NO;
				CLANG_CXX_LANGUAGE_STANDARD = "gnu++0x";
				CLANG_CXX_LIBRARY = "libc++";
				CLANG_ENABLE_MODULES = YES;
				CLANG_ENABLE_OBJC_ARC = YES;
				CLANG_WARN_BOOL_CONVERSION = YES;
				CLANG_WARN_CONSTANT_CONVERSION = YES;
				CLANG_WARN_DIRECT_OBJC_ISA_USAGE = YES_ERROR;
				CLANG_WARN_EMPTY_BODY = YES;
				CLANG_WARN_ENUM_CONVERSION = YES;
				CLANG_WARN_INT_CONVERSION = YES;
				CLANG_WARN_OBJC_ROOT_CLASS = YES_ERROR;
				CLANG_WARN_UNREACHABLE_CODE = YES;
				CLANG_WARN__DUPLICATE_METHOD_MATCH = YES;
				"CODE_SIGN_IDENTITY[sdk=iphoneos*]" = "iPhone Developer";
				COPY_PHASE_STRIP = NO;
				ENABLE_STRICT_OBJC_MSGSEND = YES;
				GCC_C_LANGUAGE_STANDARD = gnu99;
				GCC_DYNAMIC_NO_PIC = NO;
				GCC_OPTIMIZATION_LEVEL = 0;
				GCC_PREPROCESSOR_DEFINITIONS = (
					"DEBUG=1",
					"$(inherited)",
				);
				GCC_SYMBOLS_PRIVATE_EXTERN = NO;
				GCC_WARN_64_TO_32_BIT_CONVERSION = YES;
				GCC_WARN_ABOUT_RETURN_TYPE = YES_ERROR;
				GCC_WARN_UNDECLARED_SELECTOR = YES;
				GCC_WARN_UNINITIALIZED_AUTOS = YES_AGGRESSIVE;
				GCC_WARN_UNUSED_FUNCTION = YES;
				GCC_WARN_UNUSED_VARIABLE = YES;
				IPHONEOS_DEPLOYMENT_TARGET = 8.2;
				MTL_ENABLE_DEBUG_INFO = YES;
				ONLY_ACTIVE_ARCH = YES;
				SDKROOT = iphoneos;
			};
			name = Debug;
		};
		8323F8BF1AB0042300F1FDEB /* Release */ = {
			isa = XCBuildConfiguration;
			buildSettings = {
				ALWAYS_SEARCH_USER_PATHS = NO;
				CLANG_CXX_LANGUAGE_STANDARD = "gnu++0x";
				CLANG_CXX_LIBRARY = "libc++";
				CLANG_ENABLE_MODULES = YES;
				CLANG_ENABLE_OBJC_ARC = YES;
				CLANG_WARN_BOOL_CONVERSION = YES;
				CLANG_WARN_CONSTANT_CONVERSION = YES;
				CLANG_WARN_DIRECT_OBJC_ISA_USAGE = YES_ERROR;
				CLANG_WARN_EMPTY_BODY = YES;
				CLANG_WARN_ENUM_CONVERSION = YES;
				CLANG_WARN_INT_CONVERSION = YES;
				CLANG_WARN_OBJC_ROOT_CLASS = YES_ERROR;
				CLANG_WARN_UNREACHABLE_CODE = YES;
				CLANG_WARN__DUPLICATE_METHOD_MATCH = YES;
				"CODE_SIGN_IDENTITY[sdk=iphoneos*]" = "iPhone Developer";
				COPY_PHASE_STRIP = NO;
				ENABLE_NS_ASSERTIONS = NO;
				ENABLE_STRICT_OBJC_MSGSEND = YES;
				GCC_C_LANGUAGE_STANDARD = gnu99;
				GCC_WARN_64_TO_32_BIT_CONVERSION = YES;
				GCC_WARN_ABOUT_RETURN_TYPE = YES_ERROR;
				GCC_WARN_UNDECLARED_SELECTOR = YES;
				GCC_WARN_UNINITIALIZED_AUTOS = YES_AGGRESSIVE;
				GCC_WARN_UNUSED_FUNCTION = YES;
				GCC_WARN_UNUSED_VARIABLE = YES;
				IPHONEOS_DEPLOYMENT_TARGET = 8.2;
				MTL_ENABLE_DEBUG_INFO = NO;
				SDKROOT = iphoneos;
				VALIDATE_PRODUCT = YES;
			};
			name = Release;
		};
		8323F8C11AB0042300F1FDEB /* Debug */ = {
			isa = XCBuildConfiguration;
			buildSettings = {
				ASSETCATALOG_COMPILER_APPICON_NAME = AppIcon;
				INFOPLIST_FILE = Week2/Info.plist;
				LD_RUNPATH_SEARCH_PATHS = "$(inherited) @executable_path/Frameworks";
				PRODUCT_NAME = "$(TARGET_NAME)";
			};
			name = Debug;
		};
		8323F8C21AB0042300F1FDEB /* Release */ = {
			isa = XCBuildConfiguration;
			buildSettings = {
				ASSETCATALOG_COMPILER_APPICON_NAME = AppIcon;
				INFOPLIST_FILE = Week2/Info.plist;
				LD_RUNPATH_SEARCH_PATHS = "$(inherited) @executable_path/Frameworks";
				PRODUCT_NAME = "$(TARGET_NAME)";
			};
			name = Release;
		};
		8323F8C41AB0042300F1FDEB /* Debug */ = {
			isa = XCBuildConfiguration;
			buildSettings = {
				BUNDLE_LOADER = "$(TEST_HOST)";
				FRAMEWORK_SEARCH_PATHS = (
					"$(SDKROOT)/Developer/Library/Frameworks",
					"$(inherited)",
				);
				GCC_PREPROCESSOR_DEFINITIONS = (
					"DEBUG=1",
					"$(inherited)",
				);
				INFOPLIST_FILE = Week2Tests/Info.plist;
				LD_RUNPATH_SEARCH_PATHS = "$(inherited) @executable_path/Frameworks @loader_path/Frameworks";
				PRODUCT_NAME = "$(TARGET_NAME)";
				TEST_HOST = "$(BUILT_PRODUCTS_DIR)/Week2.app/Week2";
			};
			name = Debug;
		};
		8323F8C51AB0042300F1FDEB /* Release */ = {
			isa = XCBuildConfiguration;
			buildSettings = {
				BUNDLE_LOADER = "$(TEST_HOST)";
				FRAMEWORK_SEARCH_PATHS = (
					"$(SDKROOT)/Developer/Library/Frameworks",
					"$(inherited)",
				);
				INFOPLIST_FILE = Week2Tests/Info.plist;
				LD_RUNPATH_SEARCH_PATHS = "$(inherited) @executable_path/Frameworks @loader_path/Frameworks";
				PRODUCT_NAME = "$(TARGET_NAME)";
				TEST_HOST = "$(BUILT_PRODUCTS_DIR)/Week2.app/Week2";
			};
			name = Release;
		};
/* End XCBuildConfiguration section */

/* Begin XCConfigurationList section */
		8323F8981AB0042300F1FDEB /* Build configuration list for PBXProject "Week2" */ = {
			isa = XCConfigurationList;
			buildConfigurations = (
				8323F8BE1AB0042300F1FDEB /* Debug */,
				8323F8BF1AB0042300F1FDEB /* Release */,
			);
			defaultConfigurationIsVisible = 0;
			defaultConfigurationName = Release;
		};
		8323F8C01AB0042300F1FDEB /* Build configuration list for PBXNativeTarget "Week2" */ = {
			isa = XCConfigurationList;
			buildConfigurations = (
				8323F8C11AB0042300F1FDEB /* Debug */,
				8323F8C21AB0042300F1FDEB /* Release */,
			);
			defaultConfigurationIsVisible = 0;
		};
		8323F8C31AB0042300F1FDEB /* Build configuration list for PBXNativeTarget "Week2Tests" */ = {
			isa = XCConfigurationList;
			buildConfigurations = (
				8323F8C41AB0042300F1FDEB /* Debug */,
				8323F8C51AB0042300F1FDEB /* Release */,
			);
			defaultConfigurationIsVisible = 0;
		};
/* End XCConfigurationList section */
	};
	rootObject = 8323F8951AB0042300F1FDEB /* Project object */;
}
