// !$*UTF8*$!
{
	archiveVersion = 1;
	classes = {
	};
	objectVersion = 46;
	objects = {

/* Begin PBXBuildFile section */
		DCAEFEBC1AB8F00F00D4CD39 /* main.m in Sources */ = {isa = PBXBuildFile; fileRef = DCAEFEBB1AB8F00F00D4CD39 /* main.m */; };
		DCAEFEC41AB8F03E00D4CD39 /* NSFilemanager.m in Sources */ = {isa = PBXBuildFile; fileRef = DCAEFEC31AB8F03E00D4CD39 /* NSFilemanager.m */; };
		DCAEFEC71AB8F05000D4CD39 /* NXPerson.m in Sources */ = {isa = PBXBuildFile; fileRef = DCAEFEC61AB8F05000D4CD39 /* NXPerson.m */; };
/* End PBXBuildFile section */

/* Begin PBXCopyFilesBuildPhase section */
		DCAEFEB61AB8F00F00D4CD39 /* CopyFiles */ = {
			isa = PBXCopyFilesBuildPhase;
			buildActionMask = 2147483647;
			dstPath = /usr/share/man/man1/;
			dstSubfolderSpec = 0;
			files = (
			);
			runOnlyForDeploymentPostprocessing = 1;
		};
/* End PBXCopyFilesBuildPhase section */

/* Begin PBXFileReference section */
		DCAEFEB81AB8F00F00D4CD39 /* Week1 */ = {isa = PBXFileReference; explicitFileType = "compiled.mach-o.executable"; includeInIndex = 0; path = Week1; sourceTree = BUILT_PRODUCTS_DIR; };
		DCAEFEBB1AB8F00F00D4CD39 /* main.m */ = {isa = PBXFileReference; lastKnownFileType = sourcecode.c.objc; path = main.m; sourceTree = "<group>"; };
		DCAEFEC21AB8F03E00D4CD39 /* NSFilemanager.h */ = {isa = PBXFileReference; fileEncoding = 4; lastKnownFileType = sourcecode.c.h; path = NSFilemanager.h; sourceTree = "<group>"; };
		DCAEFEC31AB8F03E00D4CD39 /* NSFilemanager.m */ = {isa = PBXFileReference; fileEncoding = 4; lastKnownFileType = sourcecode.c.objc; path = NSFilemanager.m; sourceTree = "<group>"; };
		DCAEFEC51AB8F05000D4CD39 /* NXPerson.h */ = {isa = PBXFileReference; fileEncoding = 4; lastKnownFileType = sourcecode.c.h; path = NXPerson.h; sourceTree = "<group>"; };
		DCAEFEC61AB8F05000D4CD39 /* NXPerson.m */ = {isa = PBXFileReference; fileEncoding = 4; lastKnownFileType = sourcecode.c.objc; path = NXPerson.m; sourceTree = "<group>"; };
/* End PBXFileReference section */

/* Begin PBXFrameworksBuildPhase section */
		DCAEFEB51AB8F00F00D4CD39 /* Frameworks */ = {
			isa = PBXFrameworksBuildPhase;
			buildActionMask = 2147483647;
			files = (
			);
			runOnlyForDeploymentPostprocessing = 0;
		};
/* End PBXFrameworksBuildPhase section */

/* Begin PBXGroup section */
		DCAEFEAF1AB8F00F00D4CD39 = {
			isa = PBXGroup;
			children = (
				DCAEFEBA1AB8F00F00D4CD39 /* Week1 */,
				DCAEFEB91AB8F00F00D4CD39 /* Products */,
			);
			sourceTree = "<group>";
		};
		DCAEFEB91AB8F00F00D4CD39 /* Products */ = {
			isa = PBXGroup;
			children = (
				DCAEFEB81AB8F00F00D4CD39 /* Week1 */,
			);
			name = Products;
			sourceTree = "<group>";
		};
		DCAEFEBA1AB8F00F00D4CD39 /* Week1 */ = {
			isa = PBXGroup;
			children = (
				DCAEFEBB1AB8F00F00D4CD39 /* main.m */,
				DCAEFEC21AB8F03E00D4CD39 /* NSFilemanager.h */,
				DCAEFEC31AB8F03E00D4CD39 /* NSFilemanager.m */,
				DCAEFEC51AB8F05000D4CD39 /* NXPerson.h */,
				DCAEFEC61AB8F05000D4CD39 /* NXPerson.m */,
			);
			path = Week1;
			sourceTree = "<group>";
		};
/* End PBXGroup section */

/* Begin PBXNativeTarget section */
		DCAEFEB71AB8F00F00D4CD39 /* Week1 */ = {
			isa = PBXNativeTarget;
			buildConfigurationList = DCAEFEBF1AB8F00F00D4CD39 /* Build configuration list for PBXNativeTarget "Week1" */;
			buildPhases = (
				DCAEFEB41AB8F00F00D4CD39 /* Sources */,
				DCAEFEB51AB8F00F00D4CD39 /* Frameworks */,
				DCAEFEB61AB8F00F00D4CD39 /* CopyFiles */,
			);
			buildRules = (
			);
			dependencies = (
			);
			name = Week1;
			productName = Week1;
			productReference = DCAEFEB81AB8F00F00D4CD39 /* Week1 */;
			productType = "com.apple.product-type.tool";
		};
/* End PBXNativeTarget section */

/* Begin PBXProject section */
		DCAEFEB01AB8F00F00D4CD39 /* Project object */ = {
			isa = PBXProject;
			attributes = {
				LastUpgradeCheck = 0620;
				ORGANIZATIONNAME = "박태준";
				TargetAttributes = {
					DCAEFEB71AB8F00F00D4CD39 = {
						CreatedOnToolsVersion = 6.2;
					};
				};
			};
			buildConfigurationList = DCAEFEB31AB8F00F00D4CD39 /* Build configuration list for PBXProject "Week1" */;
			compatibilityVersion = "Xcode 3.2";
			developmentRegion = English;
			hasScannedForEncodings = 0;
			knownRegions = (
				en,
			);
			mainGroup = DCAEFEAF1AB8F00F00D4CD39;
			productRefGroup = DCAEFEB91AB8F00F00D4CD39 /* Products */;
			projectDirPath = "";
			projectRoot = "";
			targets = (
				DCAEFEB71AB8F00F00D4CD39 /* Week1 */,
			);
		};
/* End PBXProject section */

/* Begin PBXSourcesBuildPhase section */
		DCAEFEB41AB8F00F00D4CD39 /* Sources */ = {
			isa = PBXSourcesBuildPhase;
			buildActionMask = 2147483647;
			files = (
				DCAEFEC41AB8F03E00D4CD39 /* NSFilemanager.m in Sources */,
				DCAEFEBC1AB8F00F00D4CD39 /* main.m in Sources */,
				DCAEFEC71AB8F05000D4CD39 /* NXPerson.m in Sources */,
			);
			runOnlyForDeploymentPostprocessing = 0;
		};
/* End PBXSourcesBuildPhase section */

/* Begin XCBuildConfiguration section */
		DCAEFEBD1AB8F00F00D4CD39 /* Debug */ = {
			isa = XCBuildConfiguration;
			buildSettings = {
				ALWAYS_SEARCH_USER_PATHS = NO;
				CLANG_CXX_LANGUAGE_STANDARD = "gnu++0x";
				CLANG_CXX_LIBRARY = "libc++";
				CLANG_ENABLE_MODULES = YES;
				CLANG_ENABLE_OBJC_ARC = YES;
				CLANG_WARN_BOOL_CONVERSION = YES;
				CLANG_WARN_CONSTANT_CONVERSION = YES;
				CLANG_WARN_DIRECT_OBJC_ISA_USAGE = YES_ERROR;
				CLANG_WARN_EMPTY_BODY = YES;
				CLANG_WARN_ENUM_CONVERSION = YES;
				CLANG_WARN_INT_CONVERSION = YES;
				CLANG_WARN_OBJC_ROOT_CLASS = YES_ERROR;
				CLANG_WARN_UNREACHABLE_CODE = YES;
				CLANG_WARN__DUPLICATE_METHOD_MATCH = YES;
				COPY_PHASE_STRIP = NO;
				ENABLE_STRICT_OBJC_MSGSEND = YES;
				GCC_C_LANGUAGE_STANDARD = gnu99;
				GCC_DYNAMIC_NO_PIC = NO;
				GCC_OPTIMIZATION_LEVEL = 0;
				GCC_PREPROCESSOR_DEFINITIONS = (
					"DEBUG=1",
					"$(inherited)",
				);
				GCC_SYMBOLS_PRIVATE_EXTERN = NO;
				GCC_WARN_64_TO_32_BIT_CONVERSION = YES;
				GCC_WARN_ABOUT_RETURN_TYPE = YES_ERROR;
				GCC_WARN_UNDECLARED_SELECTOR = YES;
				GCC_WARN_UNINITIALIZED_AUTOS = YES_AGGRESSIVE;
				GCC_WARN_UNUSED_FUNCTION = YES;
				GCC_WARN_UNUSED_VARIABLE = YES;
				MACOSX_DEPLOYMENT_TARGET = 10.10;
				MTL_ENABLE_DEBUG_INFO = YES;
				ONLY_ACTIVE_ARCH = YES;
				SDKROOT = macosx;
			};
			name = Debug;
		};
		DCAEFEBE1AB8F00F00D4CD39 /* Release */ = {
			isa = XCBuildConfiguration;
			buildSettings = {
				ALWAYS_SEARCH_USER_PATHS = NO;
				CLANG_CXX_LANGUAGE_STANDARD = "gnu++0x";
				CLANG_CXX_LIBRARY = "libc++";
				CLANG_ENABLE_MODULES = YES;
				CLANG_ENABLE_OBJC_ARC = YES;
				CLANG_WARN_BOOL_CONVERSION = YES;
				CLANG_WARN_CONSTANT_CONVERSION = YES;
				CLANG_WARN_DIRECT_OBJC_ISA_USAGE = YES_ERROR;
				CLANG_WARN_EMPTY_BODY = YES;
				CLANG_WARN_ENUM_CONVERSION = YES;
				CLANG_WARN_INT_CONVERSION = YES;
				CLANG_WARN_OBJC_ROOT_CLASS = YES_ERROR;
				CLANG_WARN_UNREACHABLE_CODE = YES;
				CLANG_WARN__DUPLICATE_METHOD_MATCH = YES;
				COPY_PHASE_STRIP = NO;
				DEBUG_INFORMATION_FORMAT = "dwarf-with-dsym";
				ENABLE_NS_ASSERTIONS = NO;
				ENABLE_STRICT_OBJC_MSGSEND = YES;
				GCC_C_LANGUAGE_STANDARD = gnu99;
				GCC_WARN_64_TO_32_BIT_CONVERSION = YES;
				GCC_WARN_ABOUT_RETURN_TYPE = YES_ERROR;
				GCC_WARN_UNDECLARED_SELECTOR = YES;
				GCC_WARN_UNINITIALIZED_AUTOS = YES_AGGRESSIVE;
				GCC_WARN_UNUSED_FUNCTION = YES;
				GCC_WARN_UNUSED_VARIABLE = YES;
				MACOSX_DEPLOYMENT_TARGET = 10.10;
				MTL_ENABLE_DEBUG_INFO = NO;
				SDKROOT = macosx;
			};
			name = Release;
		};
		DCAEFEC01AB8F00F00D4CD39 /* Debug */ = {
			isa = XCBuildConfiguration;
			buildSettings = {
				PRODUCT_NAME = "$(TARGET_NAME)";
			};
			name = Debug;
		};
		DCAEFEC11AB8F00F00D4CD39 /* Release */ = {
			isa = XCBuildConfiguration;
			buildSettings = {
				PRODUCT_NAME = "$(TARGET_NAME)";
			};
			name = Release;
		};
/* End XCBuildConfiguration section */

/* Begin XCConfigurationList section */
		DCAEFEB31AB8F00F00D4CD39 /* Build configuration list for PBXProject "Week1" */ = {
			isa = XCConfigurationList;
			buildConfigurations = (
				DCAEFEBD1AB8F00F00D4CD39 /* Debug */,
				DCAEFEBE1AB8F00F00D4CD39 /* Release */,
			);
			defaultConfigurationIsVisible = 0;
			defaultConfigurationName = Release;
		};
		DCAEFEBF1AB8F00F00D4CD39 /* Build configuration list for PBXNativeTarget "Week1" */ = {
			isa = XCConfigurationList;
			buildConfigurations = (
				DCAEFEC01AB8F00F00D4CD39 /* Debug */,
				DCAEFEC11AB8F00F00D4CD39 /* Release */,
			);
			defaultConfigurationIsVisible = 0;
		};
/* End XCConfigurationList section */
	};
	rootObject = DCAEFEB01AB8F00F00D4CD39 /* Project object */;
}
